
Microsoft Visual Studio Solution File, Format Version 12.00
# Visual Studio 2013
VisualStudioVersion = 12.0.21005.1
MinimumVisualStudioVersion = 10.0.40219.1
Project("{FAE04EC0-301F-11D3-BF4B-00C04F79EFBC}") = "ALG2", "ALG2\ALG2.csproj", "{B2B2A262-9659-4CA3-933E-8FDC988B68AA}"
EndProject
Project("{FAE04EC0-301F-11D3-BF4B-00C04F79EFBC}") = "ALG2-HW1", "ALG2-HW1\ALG2-HW1.csproj", "{58BB10C1-C2FB-4828-A01E-6FBCC3E0FB7B}"
EndProject
Project("{FAE04EC0-301F-11D3-BF4B-00C04F79EFBC}") = "ALG2-HW2", "ALG2-HW2\ALG2-HW2.csproj", "{77B1F4E7-712A-4354-A8E3-499C4B77584D}"
EndProject
Global
	GlobalSection(SolutionConfigurationPlatforms) = preSolution
		Debug|Any CPU = Debug|Any CPU
		Release|Any CPU = Release|Any CPU
	EndGlobalSection
	GlobalSection(ProjectConfigurationPlatforms) = postSolution
		{B2B2A262-9659-4CA3-933E-8FDC988B68AA}.Debug|Any CPU.ActiveCfg = Debug|Any CPU
		{B2B2A262-9659-4CA3-933E-8FDC988B68AA}.Debug|Any CPU.Build.0 = Debug|Any CPU
		{B2B2A262-9659-4CA3-933E-8FDC988B68AA}.Release|Any CPU.ActiveCfg = Release|Any CPU
		{B2B2A262-9659-4CA3-933E-8FDC988B68AA}.Release|Any CPU.Build.0 = Release|Any CPU
		{58BB10C1-C2FB-4828-A01E-6FBCC3E0FB7B}.Debug|Any CPU.ActiveCfg = Debug|Any CPU
		{58BB10C1-C2FB-4828-A01E-6FBCC3E0FB7B}.Debug|Any CPU.Build.0 = Debug|Any CPU
		{58BB10C1-C2FB-4828-A01E-6FBCC3E0FB7B}.Release|Any CPU.ActiveCfg = Release|Any CPU
		{58BB10C1-C2FB-4828-A01E-6FBCC3E0FB7B}.Release|Any CPU.Build.0 = Release|Any CPU
		{77B1F4E7-712A-4354-A8E3-499C4B77584D}.Debug|Any CPU.ActiveCfg = Debug|Any CPU
		{77B1F4E7-712A-4354-A8E3-499C4B77584D}.Debug|Any CPU.Build.0 = Debug|Any CPU
		{77B1F4E7-712A-4354-A8E3-499C4B77584D}.Release|Any CPU.ActiveCfg = Release|Any CPU
		{77B1F4E7-712A-4354-A8E3-499C4B77584D}.Release|Any CPU.Build.0 = Release|Any CPU
	EndGlobalSection
	GlobalSection(SolutionProperties) = preSolution
		HideSolutionNode = FALSE
	EndGlobalSection
EndGlobal
